
Microsoft Visual Studio Solution File, Format Version 12.00
# Visual Studio Version 16
VisualStudioVersion = 16.0.31624.102
MinimumVisualStudioVersion = 10.0.40219.1
Project("{FAE04EC0-301F-11D3-BF4B-00C04F79EFBC}") = "Lab_1", "Lab_1\Lab_1.csproj", "{2569D823-D1BB-4ECD-9C41-B4E2B3597C02}"
EndProject
Global
	GlobalSection(SolutionConfigurationPlatforms) = preSolution
		Debug|Any CPU = Debug|Any CPU
		Release|Any CPU = Release|Any CPU
	EndGlobalSection
	GlobalSection(ProjectConfigurationPlatforms) = postSolution
		{2569D823-D1BB-4ECD-9C41-B4E2B3597C02}.Debug|Any CPU.ActiveCfg = Debug|Any CPU
		{2569D823-D1BB-4ECD-9C41-B4E2B3597C02}.Debug|Any CPU.Build.0 = Debug|Any CPU
		{2569D823-D1BB-4ECD-9C41-B4E2B3597C02}.Release|Any CPU.ActiveCfg = Release|Any CPU
		{2569D823-D1BB-4ECD-9C41-B4E2B3597C02}.Release|Any CPU.Build.0 = Release|Any CPU
	EndGlobalSection
	GlobalSection(SolutionProperties) = preSolution
		HideSolutionNode = FALSE
	EndGlobalSection
	GlobalSection(ExtensibilityGlobals) = postSolution
		SolutionGuid = {0225625A-78D3-4E9A-B1A4-6FA0A5C1A16B}
	EndGlobalSection
EndGlobal
